Microsoft Visual Studio Solution File, Format Version 12.00
# Visual Studio Version 17
VisualStudioVersion = 17.5.2.0
MinimumVisualStudioVersion = 10.0.40219.1
Project("{FAE04EC0-301F-11D3-BF4B-00C04F79EFBC}") = "EconoNet", "EconoNet.csproj", "{76B50875-A41A-F4F6-BA2C-F0D0CB51D171}"
EndProject
Global
	GlobalSection(SolutionConfigurationPlatforms) = preSolution
		Debug|Any CPU = Debug|Any CPU
		Release|Any CPU = Release|Any CPU
	EndGlobalSection
	GlobalSection(ProjectConfigurationPlatforms) = postSolution
		{76B50875-A41A-F4F6-BA2C-F0D0CB51D171}.Debug|Any CPU.ActiveCfg = Debug|Any CPU
		{76B50875-A41A-F4F6-BA2C-F0D0CB51D171}.Debug|Any CPU.Build.0 = Debug|Any CPU
		{76B50875-A41A-F4F6-BA2C-F0D0CB51D171}.Release|Any CPU.ActiveCfg = Release|Any CPU
		{76B50875-A41A-F4F6-BA2C-F0D0CB51D171}.Release|Any CPU.Build.0 = Release|Any CPU
	EndGlobalSection
	GlobalSection(SolutionProperties) = preSolution
		HideSolutionNode = FALSE
	EndGlobalSection
	GlobalSection(ExtensibilityGlobals) = postSolution
		SolutionGuid = {1282E34C-59C5-4484-BF2F-E9D617EEC146}
	EndGlobalSection
EndGlobal
